
Microsoft Visual Studio Solution File, Format Version 12.00
# Visual Studio 15
VisualStudioVersion = 15.0.26430.12
MinimumVisualStudioVersion = 10.0.40219.1
Project("{FAE04EC0-301F-11D3-BF4B-00C04F79EFBC}") = "TransitCity", "TransitCity\TransitCity.csproj", "{0CD661EF-7D39-4874-9DB0-4DBC0EAECD40}"
EndProject
Project("{FAE04EC0-301F-11D3-BF4B-00C04F79EFBC}") = "TransitCityTests", "TransitCityTests\TransitCityTests.csproj", "{3A60D5B5-B658-4F39-B1FF-1740766032D7}"
EndProject
Project("{FAE04EC0-301F-11D3-BF4B-00C04F79EFBC}") = "PathFinding", "PathFinding\PathFinding.csproj", "{88FF68AB-2F6D-4DE9-8B15-68C56C0DB206}"
EndProject
Project("{FAE04EC0-301F-11D3-BF4B-00C04F79EFBC}") = "PathFindingUnitTest", "PathFindingUnitTest\PathFindingUnitTest.csproj", "{2B73CB5D-391C-4778-8107-E6B1B35702D9}"
EndProject
Project("{FAE04EC0-301F-11D3-BF4B-00C04F79EFBC}") = "Transit", "Transit\Transit.csproj", "{0E4A9D5D-3EB2-4C41-B4C6-1987B2398F8C}"
EndProject
Project("{FAE04EC0-301F-11D3-BF4B-00C04F79EFBC}") = "Geometry", "Geometry\Geometry.csproj", "{75EB7F70-EC1D-45AD-82AC-CB953003D1A3}"
EndProject
Project("{FAE04EC0-301F-11D3-BF4B-00C04F79EFBC}") = "TransitUnitTest", "TransitUnitTest\TransitUnitTest.csproj", "{9EF45E1C-BE66-4A30-B1A1-204F13E2311D}"
EndProject
Project("{FAE04EC0-301F-11D3-BF4B-00C04F79EFBC}") = "Table", "Table\Table.csproj", "{CB62BFB9-B4AF-4644-AEFC-994CA7B6AC9B}"
EndProject
Project("{FAE04EC0-301F-11D3-BF4B-00C04F79EFBC}") = "Time", "Time\Time.csproj", "{E9ED2B02-1DE4-49FF-963C-DE6B0DEFE3EE}"
EndProject
Project("{FAE04EC0-301F-11D3-BF4B-00C04F79EFBC}") = "TimeUnitTest", "TimeUnitTest\TimeUnitTest.csproj", "{E3EA8539-627A-4C92-894E-669C1F073F14}"
EndProject
Project("{FAE04EC0-301F-11D3-BF4B-00C04F79EFBC}") = "Database", "Database\Database.csproj", "{DD9A5E7B-2305-4D92-97EC-9064010CCAB0}"
EndProject
Project("{FAE04EC0-301F-11D3-BF4B-00C04F79EFBC}") = "DatabaseUnitTest", "DatabaseUnitTest\DatabaseUnitTest.csproj", "{81269EE2-E89A-4ADF-8961-558869B0A59F}"
EndProject
Project("{FAE04EC0-301F-11D3-BF4B-00C04F79EFBC}") = "TestApp", "ConsoleApp1\TestApp.csproj", "{5BC68F4D-A91F-4250-853F-416519473A5D}"
EndProject
Project("{FAE04EC0-301F-11D3-BF4B-00C04F79EFBC}") = "Utility", "Utility\Utility.csproj", "{D1E7778B-2C3C-4058-9CCF-757E12D3BEB1}"
EndProject
Project("{FAE04EC0-301F-11D3-BF4B-00C04F79EFBC}") = "SvgDrawing", "SvgDrawing\SvgDrawing.csproj", "{AC4D9311-EBDF-4D30-BA19-5B45C8006ADD}"
EndProject
Project("{FAE04EC0-301F-11D3-BF4B-00C04F79EFBC}") = "SvgDrawingUnitTest", "SvgDrawingUnitTest\SvgDrawingUnitTest.csproj", "{39F642F4-64A7-4E42-9CD7-DEA9337E055E}"
EndProject
Project("{FAE04EC0-301F-11D3-BF4B-00C04F79EFBC}") = "CitySimulation", "CitySimulation\CitySimulation.csproj", "{1247B810-D259-44B0-A520-64F5225DF770}"
EndProject
Project("{FAE04EC0-301F-11D3-BF4B-00C04F79EFBC}") = "CitySimulationUnitTest", "CitySimulationUnitTest\CitySimulationUnitTest.csproj", "{5987BC2F-64E9-4884-9574-3DA847E03FDB}"
EndProject
Project("{FAE04EC0-301F-11D3-BF4B-00C04F79EFBC}") = "GeometryUnitTest", "GeometryUnitTest\GeometryUnitTest.csproj", "{4ADD40B8-526F-4723-A360-066467CB0FC3}"
EndProject
Project("{FAE04EC0-301F-11D3-BF4B-00C04F79EFBC}") = "Statistics", "Statistics\Statistics.csproj", "{1C648B4D-E159-495B-ADE8-F1BD53802904}"
EndProject
Project("{2150E333-8FDC-42A3-9474-1A3956D46DE8}") = "Simulation", "Simulation", "{FC20DEB0-E22E-40E4-AB55-B1E9F55C5252}"
EndProject
Project("{2150E333-8FDC-42A3-9474-1A3956D46DE8}") = "Rendering", "Rendering", "{5E7F0DF2-FB38-4801-9CAE-795442014398}"
EndProject
Project("{FAE04EC0-301F-11D3-BF4B-00C04F79EFBC}") = "WpfDrawing", "WpfDrawing\WpfDrawing.csproj", "{31DF70BB-F397-4EC2-AF6E-B34270C6245C}"
EndProject
Project("{FAE04EC0-301F-11D3-BF4B-00C04F79EFBC}") = "WpfTestApp", "WpfTestApp\WpfTestApp.csproj", "{B728DC8A-0E7E-4AA3-9DC3-4A0D31D97DC4}"
EndProject
Project("{FAE04EC0-301F-11D3-BF4B-00C04F79EFBC}") = "CityEditor", "CityEditor\CityEditor.csproj", "{1D709A75-A432-4004-BE4A-5D655A5C5198}"
EndProject
Global
	GlobalSection(SolutionConfigurationPlatforms) = preSolution
		Debug|Any CPU = Debug|Any CPU
		Release|Any CPU = Release|Any CPU
	EndGlobalSection
	GlobalSection(ProjectConfigurationPlatforms) = postSolution
		{0CD661EF-7D39-4874-9DB0-4DBC0EAECD40}.Debug|Any CPU.ActiveCfg = Debug|Any CPU
		{0CD661EF-7D39-4874-9DB0-4DBC0EAECD40}.Debug|Any CPU.Build.0 = Debug|Any CPU
		{0CD661EF-7D39-4874-9DB0-4DBC0EAECD40}.Release|Any CPU.ActiveCfg = Release|Any CPU
		{0CD661EF-7D39-4874-9DB0-4DBC0EAECD40}.Release|Any CPU.Build.0 = Release|Any CPU
		{3A60D5B5-B658-4F39-B1FF-1740766032D7}.Debug|Any CPU.ActiveCfg = Debug|Any CPU
		{3A60D5B5-B658-4F39-B1FF-1740766032D7}.Debug|Any CPU.Build.0 = Debug|Any CPU
		{3A60D5B5-B658-4F39-B1FF-1740766032D7}.Release|Any CPU.ActiveCfg = Release|Any CPU
		{3A60D5B5-B658-4F39-B1FF-1740766032D7}.Release|Any CPU.Build.0 = Release|Any CPU
		{88FF68AB-2F6D-4DE9-8B15-68C56C0DB206}.Debug|Any CPU.ActiveCfg = Debug|Any CPU
		{88FF68AB-2F6D-4DE9-8B15-68C56C0DB206}.Debug|Any CPU.Build.0 = Debug|Any CPU
		{88FF68AB-2F6D-4DE9-8B15-68C56C0DB206}.Release|Any CPU.ActiveCfg = Release|Any CPU
		{88FF68AB-2F6D-4DE9-8B15-68C56C0DB206}.Release|Any CPU.Build.0 = Release|Any CPU
		{2B73CB5D-391C-4778-8107-E6B1B35702D9}.Debug|Any CPU.ActiveCfg = Debug|Any CPU
		{2B73CB5D-391C-4778-8107-E6B1B35702D9}.Debug|Any CPU.Build.0 = Debug|Any CPU
		{2B73CB5D-391C-4778-8107-E6B1B35702D9}.Release|Any CPU.ActiveCfg = Release|Any CPU
		{2B73CB5D-391C-4778-8107-E6B1B35702D9}.Release|Any CPU.Build.0 = Release|Any CPU
		{0E4A9D5D-3EB2-4C41-B4C6-1987B2398F8C}.Debug|Any CPU.ActiveCfg = Debug|Any CPU
		{0E4A9D5D-3EB2-4C41-B4C6-1987B2398F8C}.Debug|Any CPU.Build.0 = Debug|Any CPU
		{0E4A9D5D-3EB2-4C41-B4C6-1987B2398F8C}.Release|Any CPU.ActiveCfg = Release|Any CPU
		{0E4A9D5D-3EB2-4C41-B4C6-1987B2398F8C}.Release|Any CPU.Build.0 = Release|Any CPU
		{75EB7F70-EC1D-45AD-82AC-CB953003D1A3}.Debug|Any CPU.ActiveCfg = Debug|Any CPU
		{75EB7F70-EC1D-45AD-82AC-CB953003D1A3}.Debug|Any CPU.Build.0 = Debug|Any CPU
		{75EB7F70-EC1D-45AD-82AC-CB953003D1A3}.Release|Any CPU.ActiveCfg = Release|Any CPU
		{75EB7F70-EC1D-45AD-82AC-CB953003D1A3}.Release|Any CPU.Build.0 = Release|Any CPU
		{9EF45E1C-BE66-4A30-B1A1-204F13E2311D}.Debug|Any CPU.ActiveCfg = Debug|Any CPU
		{9EF45E1C-BE66-4A30-B1A1-204F13E2311D}.Debug|Any CPU.Build.0 = Debug|Any CPU
		{9EF45E1C-BE66-4A30-B1A1-204F13E2311D}.Release|Any CPU.ActiveCfg = Release|Any CPU
		{9EF45E1C-BE66-4A30-B1A1-204F13E2311D}.Release|Any CPU.Build.0 = Release|Any CPU
		{CB62BFB9-B4AF-4644-AEFC-994CA7B6AC9B}.Debug|Any CPU.ActiveCfg = Debug|Any CPU
		{CB62BFB9-B4AF-4644-AEFC-994CA7B6AC9B}.Debug|Any CPU.Build.0 = Debug|Any CPU
		{CB62BFB9-B4AF-4644-AEFC-994CA7B6AC9B}.Release|Any CPU.ActiveCfg = Release|Any CPU
		{CB62BFB9-B4AF-4644-AEFC-994CA7B6AC9B}.Release|Any CPU.Build.0 = Release|Any CPU
		{E9ED2B02-1DE4-49FF-963C-DE6B0DEFE3EE}.Debug|Any CPU.ActiveCfg = Debug|Any CPU
		{E9ED2B02-1DE4-49FF-963C-DE6B0DEFE3EE}.Debug|Any CPU.Build.0 = Debug|Any CPU
		{E9ED2B02-1DE4-49FF-963C-DE6B0DEFE3EE}.Release|Any CPU.ActiveCfg = Release|Any CPU
		{E9ED2B02-1DE4-49FF-963C-DE6B0DEFE3EE}.Release|Any CPU.Build.0 = Release|Any CPU
		{E3EA8539-627A-4C92-894E-669C1F073F14}.Debug|Any CPU.ActiveCfg = Debug|Any CPU
		{E3EA8539-627A-4C92-894E-669C1F073F14}.Debug|Any CPU.Build.0 = Debug|Any CPU
		{E3EA8539-627A-4C92-894E-669C1F073F14}.Release|Any CPU.ActiveCfg = Release|Any CPU
		{E3EA8539-627A-4C92-894E-669C1F073F14}.Release|Any CPU.Build.0 = Release|Any CPU
		{DD9A5E7B-2305-4D92-97EC-9064010CCAB0}.Debug|Any CPU.ActiveCfg = Debug|Any CPU
		{DD9A5E7B-2305-4D92-97EC-9064010CCAB0}.Debug|Any CPU.Build.0 = Debug|Any CPU
		{DD9A5E7B-2305-4D92-97EC-9064010CCAB0}.Release|Any CPU.ActiveCfg = Release|Any CPU
		{DD9A5E7B-2305-4D92-97EC-9064010CCAB0}.Release|Any CPU.Build.0 = Release|Any CPU
		{81269EE2-E89A-4ADF-8961-558869B0A59F}.Debug|Any CPU.ActiveCfg = Debug|Any CPU
		{81269EE2-E89A-4ADF-8961-558869B0A59F}.Debug|Any CPU.Build.0 = Debug|Any CPU
		{81269EE2-E89A-4ADF-8961-558869B0A59F}.Release|Any CPU.ActiveCfg = Release|Any CPU
		{81269EE2-E89A-4ADF-8961-558869B0A59F}.Release|Any CPU.Build.0 = Release|Any CPU
		{5BC68F4D-A91F-4250-853F-416519473A5D}.Debug|Any CPU.ActiveCfg = Debug|Any CPU
		{5BC68F4D-A91F-4250-853F-416519473A5D}.Debug|Any CPU.Build.0 = Debug|Any CPU
		{5BC68F4D-A91F-4250-853F-416519473A5D}.Release|Any CPU.ActiveCfg = Release|Any CPU
		{5BC68F4D-A91F-4250-853F-416519473A5D}.Release|Any CPU.Build.0 = Release|Any CPU
		{D1E7778B-2C3C-4058-9CCF-757E12D3BEB1}.Debug|Any CPU.ActiveCfg = Debug|Any CPU
		{D1E7778B-2C3C-4058-9CCF-757E12D3BEB1}.Debug|Any CPU.Build.0 = Debug|Any CPU
		{D1E7778B-2C3C-4058-9CCF-757E12D3BEB1}.Release|Any CPU.ActiveCfg = Release|Any CPU
		{D1E7778B-2C3C-4058-9CCF-757E12D3BEB1}.Release|Any CPU.Build.0 = Release|Any CPU
		{AC4D9311-EBDF-4D30-BA19-5B45C8006ADD}.Debug|Any CPU.ActiveCfg = Debug|Any CPU
		{AC4D9311-EBDF-4D30-BA19-5B45C8006ADD}.Debug|Any CPU.Build.0 = Debug|Any CPU
		{AC4D9311-EBDF-4D30-BA19-5B45C8006ADD}.Release|Any CPU.ActiveCfg = Release|Any CPU
		{AC4D9311-EBDF-4D30-BA19-5B45C8006ADD}.Release|Any CPU.Build.0 = Release|Any CPU
		{39F642F4-64A7-4E42-9CD7-DEA9337E055E}.Debug|Any CPU.ActiveCfg = Debug|Any CPU
		{39F642F4-64A7-4E42-9CD7-DEA9337E055E}.Debug|Any CPU.Build.0 = Debug|Any CPU
		{39F642F4-64A7-4E42-9CD7-DEA9337E055E}.Release|Any CPU.ActiveCfg = Release|Any CPU
		{39F642F4-64A7-4E42-9CD7-DEA9337E055E}.Release|Any CPU.Build.0 = Release|Any CPU
		{1247B810-D259-44B0-A520-64F5225DF770}.Debug|Any CPU.ActiveCfg = Debug|Any CPU
		{1247B810-D259-44B0-A520-64F5225DF770}.Debug|Any CPU.Build.0 = Debug|Any CPU
		{1247B810-D259-44B0-A520-64F5225DF770}.Release|Any CPU.ActiveCfg = Release|Any CPU
		{1247B810-D259-44B0-A520-64F5225DF770}.Release|Any CPU.Build.0 = Release|Any CPU
		{5987BC2F-64E9-4884-9574-3DA847E03FDB}.Debug|Any CPU.ActiveCfg = Debug|Any CPU
		{5987BC2F-64E9-4884-9574-3DA847E03FDB}.Debug|Any CPU.Build.0 = Debug|Any CPU
		{5987BC2F-64E9-4884-9574-3DA847E03FDB}.Release|Any CPU.ActiveCfg = Release|Any CPU
		{5987BC2F-64E9-4884-9574-3DA847E03FDB}.Release|Any CPU.Build.0 = Release|Any CPU
		{4ADD40B8-526F-4723-A360-066467CB0FC3}.Debug|Any CPU.ActiveCfg = Debug|Any CPU
		{4ADD40B8-526F-4723-A360-066467CB0FC3}.Debug|Any CPU.Build.0 = Debug|Any CPU
		{4ADD40B8-526F-4723-A360-066467CB0FC3}.Release|Any CPU.ActiveCfg = Release|Any CPU
		{4ADD40B8-526F-4723-A360-066467CB0FC3}.Release|Any CPU.Build.0 = Release|Any CPU
		{1C648B4D-E159-495B-ADE8-F1BD53802904}.Debug|Any CPU.ActiveCfg = Debug|Any CPU
		{1C648B4D-E159-495B-ADE8-F1BD53802904}.Debug|Any CPU.Build.0 = Debug|Any CPU
		{1C648B4D-E159-495B-ADE8-F1BD53802904}.Release|Any CPU.ActiveCfg = Release|Any CPU
		{1C648B4D-E159-495B-ADE8-F1BD53802904}.Release|Any CPU.Build.0 = Release|Any CPU
		{31DF70BB-F397-4EC2-AF6E-B34270C6245C}.Debug|Any CPU.ActiveCfg = Debug|Any CPU
		{31DF70BB-F397-4EC2-AF6E-B34270C6245C}.Debug|Any CPU.Build.0 = Debug|Any CPU
		{31DF70BB-F397-4EC2-AF6E-B34270C6245C}.Release|Any CPU.ActiveCfg = Release|Any CPU
		{31DF70BB-F397-4EC2-AF6E-B34270C6245C}.Release|Any CPU.Build.0 = Release|Any CPU
		{B728DC8A-0E7E-4AA3-9DC3-4A0D31D97DC4}.Debug|Any CPU.ActiveCfg = Debug|Any CPU
		{B728DC8A-0E7E-4AA3-9DC3-4A0D31D97DC4}.Debug|Any CPU.Build.0 = Debug|Any CPU
		{B728DC8A-0E7E-4AA3-9DC3-4A0D31D97DC4}.Release|Any CPU.ActiveCfg = Release|Any CPU
		{B728DC8A-0E7E-4AA3-9DC3-4A0D31D97DC4}.Release|Any CPU.Build.0 = Release|Any CPU
		{1D709A75-A432-4004-BE4A-5D655A5C5198}.Debug|Any CPU.ActiveCfg = Debug|Any CPU
		{1D709A75-A432-4004-BE4A-5D655A5C5198}.Debug|Any CPU.Build.0 = Debug|Any CPU
		{1D709A75-A432-4004-BE4A-5D655A5C5198}.Release|Any CPU.ActiveCfg = Release|Any CPU
		{1D709A75-A432-4004-BE4A-5D655A5C5198}.Release|Any CPU.Build.0 = Release|Any CPU
	EndGlobalSection
	GlobalSection(SolutionProperties) = preSolution
		HideSolutionNode = FALSE
	EndGlobalSection
	GlobalSection(NestedProjects) = preSolution
		{0E4A9D5D-3EB2-4C41-B4C6-1987B2398F8C} = {FC20DEB0-E22E-40E4-AB55-B1E9F55C5252}
		{9EF45E1C-BE66-4A30-B1A1-204F13E2311D} = {FC20DEB0-E22E-40E4-AB55-B1E9F55C5252}
		{AC4D9311-EBDF-4D30-BA19-5B45C8006ADD} = {5E7F0DF2-FB38-4801-9CAE-795442014398}
		{39F642F4-64A7-4E42-9CD7-DEA9337E055E} = {5E7F0DF2-FB38-4801-9CAE-795442014398}
		{1247B810-D259-44B0-A520-64F5225DF770} = {FC20DEB0-E22E-40E4-AB55-B1E9F55C5252}
		{5987BC2F-64E9-4884-9574-3DA847E03FDB} = {FC20DEB0-E22E-40E4-AB55-B1E9F55C5252}
		{31DF70BB-F397-4EC2-AF6E-B34270C6245C} = {5E7F0DF2-FB38-4801-9CAE-795442014398}
	EndGlobalSection
	GlobalSection(ExtensibilityGlobals) = postSolution
		SolutionGuid = {3433EF62-9C01-4F95-9396-320C36E80F30}
	EndGlobalSection
	GlobalSection(Performance) = preSolution
		HasPerformanceSessions = true
	EndGlobalSection
EndGlobal
